
Microsoft Visual Studio Solution File, Format Version 12.00
# Visual Studio 15
VisualStudioVersion = 15.0.26430.14
MinimumVisualStudioVersion = 10.0.40219.1
Project("{FAE04EC0-301F-11D3-BF4B-00C04F79EFBC}") = "BootstrapGrid", "BootstrapGrid\BootstrapGrid.csproj", "{89EC3CD3-80A7-45AD-865D-A94F7EFB608A}"
EndProject
Global
	GlobalSection(SolutionConfigurationPlatforms) = preSolution
		Debug|Any CPU = Debug|Any CPU
		Release|Any CPU = Release|Any CPU
	EndGlobalSection
	GlobalSection(ProjectConfigurationPlatforms) = postSolution
		{89EC3CD3-80A7-45AD-865D-A94F7EFB608A}.Debug|Any CPU.ActiveCfg = Debug|Any CPU
		{89EC3CD3-80A7-45AD-865D-A94F7EFB608A}.Debug|Any CPU.Build.0 = Debug|Any CPU
		{89EC3CD3-80A7-45AD-865D-A94F7EFB608A}.Release|Any CPU.ActiveCfg = Release|Any CPU
		{89EC3CD3-80A7-45AD-865D-A94F7EFB608A}.Release|Any CPU.Build.0 = Release|Any CPU
	EndGlobalSection
	GlobalSection(SolutionProperties) = preSolution
		HideSolutionNode = FALSE
	EndGlobalSection
EndGlobal
