
Microsoft Visual Studio Solution File, Format Version 12.00
# Visual Studio 15
VisualStudioVersion = 15.0.28307.489
MinimumVisualStudioVersion = 10.0.40219.1
Project("{FAE04EC0-301F-11D3-BF4B-00C04F79EFBC}") = "190610_classification_mlnet", "190610_classification_mlnet\190610_classification_mlnet.csproj", "{055E801D-F46E-41D8-B67A-8CA0A46B9CBD}"
EndProject
Global
	GlobalSection(SolutionConfigurationPlatforms) = preSolution
		Debug|Any CPU = Debug|Any CPU
		Release|Any CPU = Release|Any CPU
	EndGlobalSection
	GlobalSection(ProjectConfigurationPlatforms) = postSolution
		{055E801D-F46E-41D8-B67A-8CA0A46B9CBD}.Debug|Any CPU.ActiveCfg = Debug|Any CPU
		{055E801D-F46E-41D8-B67A-8CA0A46B9CBD}.Debug|Any CPU.Build.0 = Debug|Any CPU
		{055E801D-F46E-41D8-B67A-8CA0A46B9CBD}.Release|Any CPU.ActiveCfg = Release|Any CPU
		{055E801D-F46E-41D8-B67A-8CA0A46B9CBD}.Release|Any CPU.Build.0 = Release|Any CPU
	EndGlobalSection
	GlobalSection(SolutionProperties) = preSolution
		HideSolutionNode = FALSE
	EndGlobalSection
	GlobalSection(ExtensibilityGlobals) = postSolution
		SolutionGuid = {5AA193C3-A654-4527-AAB5-DEA7AC6479B6}
	EndGlobalSection
EndGlobal
