
Microsoft Visual Studio Solution File, Format Version 12.00
# Visual Studio Version 16
VisualStudioVersion = 16.0.29411.108
MinimumVisualStudioVersion = 10.0.40219.1
Project("{FAE04EC0-301F-11D3-BF4B-00C04F79EFBC}") = "20191022_1_ClassLibary", "20191022_1_ClassLibary\20191022_1_ClassLibary.csproj", "{E94827F8-15EE-4ADF-90BE-41C3067DEDB3}"
EndProject
Project("{FAE04EC0-301F-11D3-BF4B-00C04F79EFBC}") = "StringHandlingTest", "StringHandlingTest\StringHandlingTest.csproj", "{626797B2-191C-4A3A-BC28-75C33A7652E4}"
EndProject
Global
	GlobalSection(SolutionConfigurationPlatforms) = preSolution
		Debug|Any CPU = Debug|Any CPU
		Release|Any CPU = Release|Any CPU
	EndGlobalSection
	GlobalSection(ProjectConfigurationPlatforms) = postSolution
		{E94827F8-15EE-4ADF-90BE-41C3067DEDB3}.Debug|Any CPU.ActiveCfg = Debug|Any CPU
		{E94827F8-15EE-4ADF-90BE-41C3067DEDB3}.Debug|Any CPU.Build.0 = Debug|Any CPU
		{E94827F8-15EE-4ADF-90BE-41C3067DEDB3}.Release|Any CPU.ActiveCfg = Release|Any CPU
		{E94827F8-15EE-4ADF-90BE-41C3067DEDB3}.Release|Any CPU.Build.0 = Release|Any CPU
		{626797B2-191C-4A3A-BC28-75C33A7652E4}.Debug|Any CPU.ActiveCfg = Debug|Any CPU
		{626797B2-191C-4A3A-BC28-75C33A7652E4}.Debug|Any CPU.Build.0 = Debug|Any CPU
		{626797B2-191C-4A3A-BC28-75C33A7652E4}.Release|Any CPU.ActiveCfg = Release|Any CPU
		{626797B2-191C-4A3A-BC28-75C33A7652E4}.Release|Any CPU.Build.0 = Release|Any CPU
	EndGlobalSection
	GlobalSection(SolutionProperties) = preSolution
		HideSolutionNode = FALSE
	EndGlobalSection
	GlobalSection(ExtensibilityGlobals) = postSolution
		SolutionGuid = {62065B99-EE23-47F9-807E-0D12EBD94099}
	EndGlobalSection
EndGlobal
