
Microsoft Visual Studio Solution File, Format Version 12.00
# Visual Studio 15
VisualStudioVersion = 15.0.28307.489
MinimumVisualStudioVersion = 10.0.40219.1
Project("{FAE04EC0-301F-11D3-BF4B-00C04F79EFBC}") = "190612_predict_house_price", "190612_predict_house_price\190612_predict_house_price.csproj", "{899E8471-F969-48D1-95BE-04B507BB3838}"
EndProject
Global
	GlobalSection(SolutionConfigurationPlatforms) = preSolution
		Debug|Any CPU = Debug|Any CPU
		Release|Any CPU = Release|Any CPU
	EndGlobalSection
	GlobalSection(ProjectConfigurationPlatforms) = postSolution
		{899E8471-F969-48D1-95BE-04B507BB3838}.Debug|Any CPU.ActiveCfg = Debug|Any CPU
		{899E8471-F969-48D1-95BE-04B507BB3838}.Debug|Any CPU.Build.0 = Debug|Any CPU
		{899E8471-F969-48D1-95BE-04B507BB3838}.Release|Any CPU.ActiveCfg = Release|Any CPU
		{899E8471-F969-48D1-95BE-04B507BB3838}.Release|Any CPU.Build.0 = Release|Any CPU
	EndGlobalSection
	GlobalSection(SolutionProperties) = preSolution
		HideSolutionNode = FALSE
	EndGlobalSection
	GlobalSection(ExtensibilityGlobals) = postSolution
		SolutionGuid = {A9D2556B-28EA-449F-9359-6163088BCB79}
	EndGlobalSection
EndGlobal
