
Microsoft Visual Studio Solution File, Format Version 12.00
# Visual Studio 15
VisualStudioVersion = 15.0.28307.489
MinimumVisualStudioVersion = 10.0.40219.1
Project("{FAE04EC0-301F-11D3-BF4B-00C04F79EFBC}") = "190620_Web_Servis_Deneme", "190620_Web_Servis_Deneme\190620_Web_Servis_Deneme.csproj", "{99F97FBD-8205-4992-882C-572498A796D2}"
EndProject
Global
	GlobalSection(SolutionConfigurationPlatforms) = preSolution
		Debug|Any CPU = Debug|Any CPU
		Release|Any CPU = Release|Any CPU
	EndGlobalSection
	GlobalSection(ProjectConfigurationPlatforms) = postSolution
		{99F97FBD-8205-4992-882C-572498A796D2}.Debug|Any CPU.ActiveCfg = Debug|Any CPU
		{99F97FBD-8205-4992-882C-572498A796D2}.Debug|Any CPU.Build.0 = Debug|Any CPU
		{99F97FBD-8205-4992-882C-572498A796D2}.Release|Any CPU.ActiveCfg = Release|Any CPU
		{99F97FBD-8205-4992-882C-572498A796D2}.Release|Any CPU.Build.0 = Release|Any CPU
	EndGlobalSection
	GlobalSection(SolutionProperties) = preSolution
		HideSolutionNode = FALSE
	EndGlobalSection
	GlobalSection(ExtensibilityGlobals) = postSolution
		SolutionGuid = {53554C53-F1BA-4DEE-990F-8FC324CA4D4B}
	EndGlobalSection
EndGlobal
