
Microsoft Visual Studio Solution File, Format Version 12.00
# Visual Studio 15
VisualStudioVersion = 15.0.26730.8
MinimumVisualStudioVersion = 10.0.40219.1
Project("{FAE04EC0-301F-11D3-BF4B-00C04F79EFBC}") = "190126_bireysel_proje", "190126_bireysel_proje\190126_bireysel_proje.csproj", "{6586A4F5-EEF2-455D-93FB-AC5B2E945275}"
EndProject
Global
	GlobalSection(SolutionConfigurationPlatforms) = preSolution
		Debug|Any CPU = Debug|Any CPU
		Release|Any CPU = Release|Any CPU
	EndGlobalSection
	GlobalSection(ProjectConfigurationPlatforms) = postSolution
		{6586A4F5-EEF2-455D-93FB-AC5B2E945275}.Debug|Any CPU.ActiveCfg = Debug|Any CPU
		{6586A4F5-EEF2-455D-93FB-AC5B2E945275}.Debug|Any CPU.Build.0 = Debug|Any CPU
		{6586A4F5-EEF2-455D-93FB-AC5B2E945275}.Release|Any CPU.ActiveCfg = Release|Any CPU
		{6586A4F5-EEF2-455D-93FB-AC5B2E945275}.Release|Any CPU.Build.0 = Release|Any CPU
	EndGlobalSection
	GlobalSection(SolutionProperties) = preSolution
		HideSolutionNode = FALSE
	EndGlobalSection
	GlobalSection(ExtensibilityGlobals) = postSolution
		SolutionGuid = {44CCC612-7B41-4FFF-988F-3BFBB18624D8}
	EndGlobalSection
EndGlobal
